// !$*UTF8*$!
{
	archiveVersion = 1;
	classes = {
	};
	objectVersion = 46;
	objects = {

/* Begin PBXBuildFile section */
		1AA271E01C0A4B6C00D425DB /* Car.cpp in Sources */ = {isa = PBXBuildFile; fileRef = 1AA271DD1C0A4B6C00D425DB /* Car.cpp */; };
		1AA271E91C0A4B7500D425DB /* Review.cpp in Sources */ = {isa = PBXBuildFile; fileRef = 1AA271E51C0A4B7500D425DB /* Review.cpp */; };
		1AA271ED1C0A574C00D425DB /* main.cpp in Sources */ = {isa = PBXBuildFile; fileRef = 1AA271EC1C0A574C00D425DB /* main.cpp */; };
		EE764E7B1C10E8340044EA7C /* Util.cpp in Sources */ = {isa = PBXBuildFile; fileRef = EE764E7A1C10E8340044EA7C /* Util.cpp */; };
		EE764E7D1C10EFAA0044EA7C /* FileIO.cpp in Sources */ = {isa = PBXBuildFile; fileRef = EE764E7C1C10EFAA0044EA7C /* FileIO.cpp */; };
		EE764E801C10F5950044EA7C /* Browse.cpp in Sources */ = {isa = PBXBuildFile; fileRef = EE764E7F1C10F5950044EA7C /* Browse.cpp */; };
		EE764E841C1104E50044EA7C /* Sort.cpp in Sources */ = {isa = PBXBuildFile; fileRef = EE764E831C1104E50044EA7C /* Sort.cpp */; };
		EE764E881C110B260044EA7C /* Search.cpp in Sources */ = {isa = PBXBuildFile; fileRef = EE764E861C110B260044EA7C /* Search.cpp */; };
		EECD1EB51C1A603100256459 /* Misc.cpp in Sources */ = {isa = PBXBuildFile; fileRef = EECD1EB41C1A603100256459 /* Misc.cpp */; };
/* End PBXBuildFile section */

/* Begin PBXCopyFilesBuildPhase section */
		1A2A15FC1BE1A7B800E36576 /* CopyFiles */ = {
			isa = PBXCopyFilesBuildPhase;
			buildActionMask = 2147483647;
			dstPath = /usr/share/man/man1/;
			dstSubfolderSpec = 0;
			files = (
			);
			runOnlyForDeploymentPostprocessing = 1;
		};
/* End PBXCopyFilesBuildPhase section */

/* Begin PBXFileReference section */
		1A2A15FE1BE1A7B800E36576 /* Welp */ = {isa = PBXFileReference; explicitFileType = "compiled.mach-o.executable"; includeInIndex = 0; path = Welp; sourceTree = BUILT_PRODUCTS_DIR; };
		1AA271DC1C0A4B6C00D425DB /* BST.h */ = {isa = PBXFileReference; fileEncoding = 4; lastKnownFileType = sourcecode.c.h; path = BST.h; sourceTree = "<group>"; };
		1AA271DD1C0A4B6C00D425DB /* Car.cpp */ = {isa = PBXFileReference; fileEncoding = 4; lastKnownFileType = sourcecode.cpp.cpp; path = Car.cpp; sourceTree = "<group>"; };
		1AA271DE1C0A4B6C00D425DB /* Car.h */ = {isa = PBXFileReference; fileEncoding = 4; lastKnownFileType = sourcecode.c.h; path = Car.h; sourceTree = "<group>"; };
		1AA271DF1C0A4B6C00D425DB /* HashTable.h */ = {isa = PBXFileReference; fileEncoding = 4; lastKnownFileType = sourcecode.c.h; path = HashTable.h; sourceTree = "<group>"; };
		1AA271E11C0A4B7500D425DB /* List.h */ = {isa = PBXFileReference; fileEncoding = 4; lastKnownFileType = sourcecode.c.h; path = List.h; sourceTree = "<group>"; };
		1AA271E51C0A4B7500D425DB /* Review.cpp */ = {isa = PBXFileReference; fileEncoding = 4; lastKnownFileType = sourcecode.cpp.cpp; path = Review.cpp; sourceTree = "<group>"; };
		1AA271E61C0A4B7500D425DB /* Review.h */ = {isa = PBXFileReference; fileEncoding = 4; lastKnownFileType = sourcecode.c.h; path = Review.h; sourceTree = "<group>"; };
		1AA271EC1C0A574C00D425DB /* main.cpp */ = {isa = PBXFileReference; fileEncoding = 4; lastKnownFileType = sourcecode.cpp.cpp; path = main.cpp; sourceTree = "<group>"; };
		EE764E791C10E8060044EA7C /* Util.h */ = {isa = PBXFileReference; fileEncoding = 4; lastKnownFileType = sourcecode.c.h; name = Util.h; path = ../welp/Util.h; sourceTree = "<group>"; };
		EE764E7A1C10E8340044EA7C /* Util.cpp */ = {isa = PBXFileReference; fileEncoding = 4; lastKnownFileType = sourcecode.cpp.cpp; name = Util.cpp; path = welp/Util.cpp; sourceTree = SOURCE_ROOT; };
		EE764E7C1C10EFAA0044EA7C /* FileIO.cpp */ = {isa = PBXFileReference; fileEncoding = 4; lastKnownFileType = sourcecode.cpp.cpp; path = FileIO.cpp; sourceTree = "<group>"; };
		EE764E7E1C10EFB70044EA7C /* FileIO.h */ = {isa = PBXFileReference; fileEncoding = 4; lastKnownFileType = sourcecode.c.h; path = FileIO.h; sourceTree = "<group>"; };
		EE764E7F1C10F5950044EA7C /* Browse.cpp */ = {isa = PBXFileReference; fileEncoding = 4; lastKnownFileType = sourcecode.cpp.cpp; name = Browse.cpp; path = welp/Browse.cpp; sourceTree = SOURCE_ROOT; };
		EE764E811C10F5DB0044EA7C /* Browse.h */ = {isa = PBXFileReference; fileEncoding = 4; lastKnownFileType = sourcecode.c.h; path = Browse.h; sourceTree = "<group>"; };
		EE764E831C1104E50044EA7C /* Sort.cpp */ = {isa = PBXFileReference; fileEncoding = 4; lastKnownFileType = sourcecode.cpp.cpp; name = Sort.cpp; path = welp/Sort.cpp; sourceTree = SOURCE_ROOT; };
		EE764E851C1104F60044EA7C /* Sort.h */ = {isa = PBXFileReference; fileEncoding = 4; lastKnownFileType = sourcecode.c.h; path = Sort.h; sourceTree = "<group>"; };
		EE764E861C110B260044EA7C /* Search.cpp */ = {isa = PBXFileReference; fileEncoding = 4; lastKnownFileType = sourcecode.cpp.cpp; name = Search.cpp; path = welp/Search.cpp; sourceTree = SOURCE_ROOT; };
		EE764E871C110B260044EA7C /* Search.h */ = {isa = PBXFileReference; fileEncoding = 4; lastKnownFileType = sourcecode.c.h; name = Search.h; path = welp/Search.h; sourceTree = SOURCE_ROOT; };
		EEAB56EA1C0D11B900618B72 /* Kars Data.txt */ = {isa = PBXFileReference; lastKnownFileType = text; name = "Kars Data.txt"; path = "welp/Kars Data.txt"; sourceTree = SOURCE_ROOT; };
		EEB8B9931C0D08FF00040A10 /* reviews.txt */ = {isa = PBXFileReference; fileEncoding = 4; lastKnownFileType = text; name = reviews.txt; path = welp/reviews.txt; sourceTree = SOURCE_ROOT; };
		EECD1EB31C1A601300256459 /* Misc.h */ = {isa = PBXFileReference; fileEncoding = 4; lastKnownFileType = sourcecode.c.h; path = Misc.h; sourceTree = "<group>"; };
		EECD1EB41C1A603100256459 /* Misc.cpp */ = {isa = PBXFileReference; fileEncoding = 4; lastKnownFileType = sourcecode.cpp.cpp; name = Misc.cpp; path = welp/Misc.cpp; sourceTree = SOURCE_ROOT; };
/* End PBXFileReference section */

/* Begin PBXFrameworksBuildPhase section */
		1A2A15FB1BE1A7B800E36576 /* Frameworks */ = {
			isa = PBXFrameworksBuildPhase;
			buildActionMask = 2147483647;
			files = (
			);
			runOnlyForDeploymentPostprocessing = 0;
		};
/* End PBXFrameworksBuildPhase section */

/* Begin PBXGroup section */
		1A2A15F51BE1A7B800E36576 = {
			isa = PBXGroup;
			children = (
				1A2A16001BE1A7B800E36576 /* Welp */,
				1A2A15FF1BE1A7B800E36576 /* Products */,
			);
			sourceTree = "<group>";
		};
		1A2A15FF1BE1A7B800E36576 /* Products */ = {
			isa = PBXGroup;
			children = (
				1A2A15FE1BE1A7B800E36576 /* Welp */,
			);
			name = Products;
			sourceTree = "<group>";
		};
		1A2A16001BE1A7B800E36576 /* Welp */ = {
			isa = PBXGroup;
			children = (
				EE764E7A1C10E8340044EA7C /* Util.cpp */,
				EE764E791C10E8060044EA7C /* Util.h */,
				EEB8B9931C0D08FF00040A10 /* reviews.txt */,
				1AA271DC1C0A4B6C00D425DB /* BST.h */,
				1AA271DD1C0A4B6C00D425DB /* Car.cpp */,
				1AA271DE1C0A4B6C00D425DB /* Car.h */,
				1AA271E11C0A4B7500D425DB /* List.h */,
				EEAB56EA1C0D11B900618B72 /* Kars Data.txt */,
				1AA271EC1C0A574C00D425DB /* main.cpp */,
				EECD1EB31C1A601300256459 /* Misc.h */,
				EECD1EB41C1A603100256459 /* Misc.cpp */,
				EE764E831C1104E50044EA7C /* Sort.cpp */,
				EE764E851C1104F60044EA7C /* Sort.h */,
				EE764E7F1C10F5950044EA7C /* Browse.cpp */,
				EE764E811C10F5DB0044EA7C /* Browse.h */,
				EE764E7C1C10EFAA0044EA7C /* FileIO.cpp */,
				EE764E7E1C10EFB70044EA7C /* FileIO.h */,
				EE764E861C110B260044EA7C /* Search.cpp */,
				EE764E871C110B260044EA7C /* Search.h */,
				1AA271E51C0A4B7500D425DB /* Review.cpp */,
				1AA271E61C0A4B7500D425DB /* Review.h */,
				1AA271DF1C0A4B6C00D425DB /* HashTable.h */,
			);
			path = Welp;
			sourceTree = "<group>";
		};
/* End PBXGroup section */

/* Begin PBXNativeTarget section */
		1A2A15FD1BE1A7B800E36576 /* Welp */ = {
			isa = PBXNativeTarget;
			buildConfigurationList = 1A2A16051BE1A7B800E36576 /* Build configuration list for PBXNativeTarget "Welp" */;
			buildPhases = (
				1A2A15FA1BE1A7B800E36576 /* Sources */,
				1A2A15FB1BE1A7B800E36576 /* Frameworks */,
				1A2A15FC1BE1A7B800E36576 /* CopyFiles */,
			);
			buildRules = (
			);
			dependencies = (
			);
			name = Welp;
			productName = Welp;
			productReference = 1A2A15FE1BE1A7B800E36576 /* Welp */;
			productType = "com.apple.product-type.tool";
		};
/* End PBXNativeTarget section */

/* Begin PBXProject section */
		1A2A15F61BE1A7B800E36576 /* Project object */ = {
			isa = PBXProject;
			attributes = {
				LastUpgradeCheck = 0620;
				ORGANIZATIONNAME = "Carlos Quirarte";
				TargetAttributes = {
					1A2A15FD1BE1A7B800E36576 = {
						CreatedOnToolsVersion = 6.2;
					};
				};
			};
			buildConfigurationList = 1A2A15F91BE1A7B800E36576 /* Build configuration list for PBXProject "Welp" */;
			compatibilityVersion = "Xcode 3.2";
			developmentRegion = English;
			hasScannedForEncodings = 0;
			knownRegions = (
				en,
			);
			mainGroup = 1A2A15F51BE1A7B800E36576;
			productRefGroup = 1A2A15FF1BE1A7B800E36576 /* Products */;
			projectDirPath = "";
			projectRoot = "";
			targets = (
				1A2A15FD1BE1A7B800E36576 /* Welp */,
			);
		};
/* End PBXProject section */

/* Begin PBXSourcesBuildPhase section */
		1A2A15FA1BE1A7B800E36576 /* Sources */ = {
			isa = PBXSourcesBuildPhase;
			buildActionMask = 2147483647;
			files = (
				EECD1EB51C1A603100256459 /* Misc.cpp in Sources */,
				EE764E7D1C10EFAA0044EA7C /* FileIO.cpp in Sources */,
				EE764E881C110B260044EA7C /* Search.cpp in Sources */,
				EE764E801C10F5950044EA7C /* Browse.cpp in Sources */,
				1AA271E91C0A4B7500D425DB /* Review.cpp in Sources */,
				1AA271E01C0A4B6C00D425DB /* Car.cpp in Sources */,
				1AA271ED1C0A574C00D425DB /* main.cpp in Sources */,
				EE764E7B1C10E8340044EA7C /* Util.cpp in Sources */,
				EE764E841C1104E50044EA7C /* Sort.cpp in Sources */,
			);
			runOnlyForDeploymentPostprocessing = 0;
		};
/* End PBXSourcesBuildPhase section */

/* Begin XCBuildConfiguration section */
		1A2A16031BE1A7B800E36576 /* Debug */ = {
			isa = XCBuildConfiguration;
			buildSettings = {
				ALWAYS_SEARCH_USER_PATHS = NO;
				CLANG_CXX_LANGUAGE_STANDARD = "gnu++0x";
				CLANG_CXX_LIBRARY = "libc++";
				CLANG_ENABLE_MODULES = YES;
				CLANG_ENABLE_OBJC_ARC = YES;
				CLANG_WARN_BOOL_CONVERSION = YES;
				CLANG_WARN_CONSTANT_CONVERSION = YES;
				CLANG_WARN_DIRECT_OBJC_ISA_USAGE = YES_ERROR;
				CLANG_WARN_EMPTY_BODY = YES;
				CLANG_WARN_ENUM_CONVERSION = YES;
				CLANG_WARN_INT_CONVERSION = YES;
				CLANG_WARN_OBJC_ROOT_CLASS = YES_ERROR;
				CLANG_WARN_UNREACHABLE_CODE = YES;
				CLANG_WARN__DUPLICATE_METHOD_MATCH = YES;
				COPY_PHASE_STRIP = NO;
				ENABLE_STRICT_OBJC_MSGSEND = YES;
				GCC_C_LANGUAGE_STANDARD = gnu99;
				GCC_DYNAMIC_NO_PIC = NO;
				GCC_OPTIMIZATION_LEVEL = 0;
				GCC_PREPROCESSOR_DEFINITIONS = (
					"DEBUG=1",
					"$(inherited)",
				);
				GCC_SYMBOLS_PRIVATE_EXTERN = NO;
				GCC_WARN_64_TO_32_BIT_CONVERSION = YES;
				GCC_WARN_ABOUT_RETURN_TYPE = YES_ERROR;
				GCC_WARN_UNDECLARED_SELECTOR = YES;
				GCC_WARN_UNINITIALIZED_AUTOS = YES_AGGRESSIVE;
				GCC_WARN_UNUSED_FUNCTION = YES;
				GCC_WARN_UNUSED_VARIABLE = YES;
				MACOSX_DEPLOYMENT_TARGET = 10.10;
				MTL_ENABLE_DEBUG_INFO = YES;
				ONLY_ACTIVE_ARCH = YES;
				SDKROOT = macosx;
			};
			name = Debug;
		};
		1A2A16041BE1A7B800E36576 /* Release */ = {
			isa = XCBuildConfiguration;
			buildSettings = {
				ALWAYS_SEARCH_USER_PATHS = NO;
				CLANG_CXX_LANGUAGE_STANDARD = "gnu++0x";
				CLANG_CXX_LIBRARY = "libc++";
				CLANG_ENABLE_MODULES = YES;
				CLANG_ENABLE_OBJC_ARC = YES;
				CLANG_WARN_BOOL_CONVERSION = YES;
				CLANG_WARN_CONSTANT_CONVERSION = YES;
				CLANG_WARN_DIRECT_OBJC_ISA_USAGE = YES_ERROR;
				CLANG_WARN_EMPTY_BODY = YES;
				CLANG_WARN_ENUM_CONVERSION = YES;
				CLANG_WARN_INT_CONVERSION = YES;
				CLANG_WARN_OBJC_ROOT_CLASS = YES_ERROR;
				CLANG_WARN_UNREACHABLE_CODE = YES;
				CLANG_WARN__DUPLICATE_METHOD_MATCH = YES;
				COPY_PHASE_STRIP = NO;
				DEBUG_INFORMATION_FORMAT = "dwarf-with-dsym";
				ENABLE_NS_ASSERTIONS = NO;
				ENABLE_STRICT_OBJC_MSGSEND = YES;
				GCC_C_LANGUAGE_STANDARD = gnu99;
				GCC_WARN_64_TO_32_BIT_CONVERSION = YES;
				GCC_WARN_ABOUT_RETURN_TYPE = YES_ERROR;
				GCC_WARN_UNDECLARED_SELECTOR = YES;
				GCC_WARN_UNINITIALIZED_AUTOS = YES_AGGRESSIVE;
				GCC_WARN_UNUSED_FUNCTION = YES;
				GCC_WARN_UNUSED_VARIABLE = YES;
				MACOSX_DEPLOYMENT_TARGET = 10.10;
				MTL_ENABLE_DEBUG_INFO = NO;
				SDKROOT = macosx;
			};
			name = Release;
		};
		1A2A16061BE1A7B800E36576 /* Debug */ = {
			isa = XCBuildConfiguration;
			buildSettings = {
				PRODUCT_NAME = "$(TARGET_NAME)";
			};
			name = Debug;
		};
		1A2A16071BE1A7B800E36576 /* Release */ = {
			isa = XCBuildConfiguration;
			buildSettings = {
				PRODUCT_NAME = "$(TARGET_NAME)";
			};
			name = Release;
		};
/* End XCBuildConfiguration section */

/* Begin XCConfigurationList section */
		1A2A15F91BE1A7B800E36576 /* Build configuration list for PBXProject "Welp" */ = {
			isa = XCConfigurationList;
			buildConfigurations = (
				1A2A16031BE1A7B800E36576 /* Debug */,
				1A2A16041BE1A7B800E36576 /* Release */,
			);
			defaultConfigurationIsVisible = 0;
			defaultConfigurationName = Release;
		};
		1A2A16051BE1A7B800E36576 /* Build configuration list for PBXNativeTarget "Welp" */ = {
			isa = XCConfigurationList;
			buildConfigurations = (
				1A2A16061BE1A7B800E36576 /* Debug */,
				1A2A16071BE1A7B800E36576 /* Release */,
			);
			defaultConfigurationIsVisible = 0;
			defaultConfigurationName = Release;
		};
/* End XCConfigurationList section */
	};
	rootObject = 1A2A15F61BE1A7B800E36576 /* Project object */;
}
